
Microsoft Visual Studio Solution File, Format Version 12.00
Project("{FAE04EC0-301F-11D3-BF4B-00C04F79EFBC}") = "BinarySearchTree", "BinarySearchTree\BinarySearchTree.csproj", "{7C75D4AB-67F3-47A2-BE30-AE5D4670F1C4}"
EndProject
Project("{FAE04EC0-301F-11D3-BF4B-00C04F79EFBC}") = "UI", "UI\UI.csproj", "{BCEDB63A-EFBD-4605-B007-E7110A3F7F25}"
EndProject
Project("{FAE04EC0-301F-11D3-BF4B-00C04F79EFBC}") = "WpfUI", "WpfUI\WpfUI.csproj", "{C12889F1-A41B-407D-BA4F-500C9460FC94}"
EndProject
Global
	GlobalSection(SolutionConfigurationPlatforms) = preSolution
		Debug|Any CPU = Debug|Any CPU
		Release|Any CPU = Release|Any CPU
	EndGlobalSection
	GlobalSection(ProjectConfigurationPlatforms) = postSolution
		{7C75D4AB-67F3-47A2-BE30-AE5D4670F1C4}.Debug|Any CPU.ActiveCfg = Debug|Any CPU
		{7C75D4AB-67F3-47A2-BE30-AE5D4670F1C4}.Debug|Any CPU.Build.0 = Debug|Any CPU
		{7C75D4AB-67F3-47A2-BE30-AE5D4670F1C4}.Release|Any CPU.ActiveCfg = Release|Any CPU
		{7C75D4AB-67F3-47A2-BE30-AE5D4670F1C4}.Release|Any CPU.Build.0 = Release|Any CPU
		{BCEDB63A-EFBD-4605-B007-E7110A3F7F25}.Debug|Any CPU.ActiveCfg = Debug|Any CPU
		{BCEDB63A-EFBD-4605-B007-E7110A3F7F25}.Debug|Any CPU.Build.0 = Debug|Any CPU
		{BCEDB63A-EFBD-4605-B007-E7110A3F7F25}.Release|Any CPU.ActiveCfg = Release|Any CPU
		{BCEDB63A-EFBD-4605-B007-E7110A3F7F25}.Release|Any CPU.Build.0 = Release|Any CPU
		{C12889F1-A41B-407D-BA4F-500C9460FC94}.Debug|Any CPU.ActiveCfg = Debug|Any CPU
		{C12889F1-A41B-407D-BA4F-500C9460FC94}.Debug|Any CPU.Build.0 = Debug|Any CPU
		{C12889F1-A41B-407D-BA4F-500C9460FC94}.Release|Any CPU.ActiveCfg = Release|Any CPU
		{C12889F1-A41B-407D-BA4F-500C9460FC94}.Release|Any CPU.Build.0 = Release|Any CPU
	EndGlobalSection
EndGlobal
