
Microsoft Visual Studio Solution File, Format Version 12.00
# Visual Studio Version 17
VisualStudioVersion = 17.1.31911.260
MinimumVisualStudioVersion = 10.0.40219.1
Project("{9A19103F-16F7-4668-BE54-9A1E7A4F7556}") = "BinaryTree", "BinaryTree\BinaryTree.csproj", "{9A5385A9-68B3-407A-B246-EC4F1027E01C}"
EndProject
Project("{9A19103F-16F7-4668-BE54-9A1E7A4F7556}") = "BinaryTree.Console", "BinaryTree.Console\BinaryTree.Console.csproj", "{A2028147-911A-43C9-9A49-43EF9A15F943}"
EndProject
Project("{FAE04EC0-301F-11D3-BF4B-00C04F79EFBC}") = "ConsoleTools", "ConsoleTools\ConsoleTools.csproj", "{C34F8CFD-B7EE-4912-94EE-284613705649}"
EndProject
Global
	GlobalSection(SolutionConfigurationPlatforms) = preSolution
		Debug|Any CPU = Debug|Any CPU
		Release|Any CPU = Release|Any CPU
	EndGlobalSection
	GlobalSection(ProjectConfigurationPlatforms) = postSolution
		{9A5385A9-68B3-407A-B246-EC4F1027E01C}.Debug|Any CPU.ActiveCfg = Debug|Any CPU
		{9A5385A9-68B3-407A-B246-EC4F1027E01C}.Debug|Any CPU.Build.0 = Debug|Any CPU
		{9A5385A9-68B3-407A-B246-EC4F1027E01C}.Release|Any CPU.ActiveCfg = Release|Any CPU
		{9A5385A9-68B3-407A-B246-EC4F1027E01C}.Release|Any CPU.Build.0 = Release|Any CPU
		{A2028147-911A-43C9-9A49-43EF9A15F943}.Debug|Any CPU.ActiveCfg = Debug|Any CPU
		{A2028147-911A-43C9-9A49-43EF9A15F943}.Debug|Any CPU.Build.0 = Debug|Any CPU
		{A2028147-911A-43C9-9A49-43EF9A15F943}.Release|Any CPU.ActiveCfg = Release|Any CPU
		{A2028147-911A-43C9-9A49-43EF9A15F943}.Release|Any CPU.Build.0 = Release|Any CPU
		{C34F8CFD-B7EE-4912-94EE-284613705649}.Debug|Any CPU.ActiveCfg = Debug|Any CPU
		{C34F8CFD-B7EE-4912-94EE-284613705649}.Debug|Any CPU.Build.0 = Debug|Any CPU
		{C34F8CFD-B7EE-4912-94EE-284613705649}.Release|Any CPU.ActiveCfg = Release|Any CPU
		{C34F8CFD-B7EE-4912-94EE-284613705649}.Release|Any CPU.Build.0 = Release|Any CPU
	EndGlobalSection
	GlobalSection(SolutionProperties) = preSolution
		HideSolutionNode = FALSE
	EndGlobalSection
	GlobalSection(ExtensibilityGlobals) = postSolution
		SolutionGuid = {0CB6B064-0956-4909-8C55-566062F68F93}
	EndGlobalSection
EndGlobal
